
Microsoft Visual Studio Solution File, Format Version 12.00
# Visual Studio Version 16
VisualStudioVersion = 16.0.30225.117
MinimumVisualStudioVersion = 10.0.40219.1
Project("{FAE04EC0-301F-11D3-BF4B-00C04F79EFBC}") = "LabGrilla", "LabGrilla\LabGrilla.csproj", "{0CDFE4CA-7B5F-45B0-BC4D-74FDCA5A140B}"
EndProject
Project("{FAE04EC0-301F-11D3-BF4B-00C04F79EFBC}") = "Negocio", "Negocio\Negocio.csproj", "{D5E053A4-FC35-4337-9859-4B5418BB4A34}"
EndProject
Global
	GlobalSection(SolutionConfigurationPlatforms) = preSolution
		Debug|Any CPU = Debug|Any CPU
		Release|Any CPU = Release|Any CPU
	EndGlobalSection
	GlobalSection(ProjectConfigurationPlatforms) = postSolution
		{0CDFE4CA-7B5F-45B0-BC4D-74FDCA5A140B}.Debug|Any CPU.ActiveCfg = Debug|Any CPU
		{0CDFE4CA-7B5F-45B0-BC4D-74FDCA5A140B}.Debug|Any CPU.Build.0 = Debug|Any CPU
		{0CDFE4CA-7B5F-45B0-BC4D-74FDCA5A140B}.Release|Any CPU.ActiveCfg = Release|Any CPU
		{0CDFE4CA-7B5F-45B0-BC4D-74FDCA5A140B}.Release|Any CPU.Build.0 = Release|Any CPU
		{D5E053A4-FC35-4337-9859-4B5418BB4A34}.Debug|Any CPU.ActiveCfg = Debug|Any CPU
		{D5E053A4-FC35-4337-9859-4B5418BB4A34}.Debug|Any CPU.Build.0 = Debug|Any CPU
		{D5E053A4-FC35-4337-9859-4B5418BB4A34}.Release|Any CPU.ActiveCfg = Release|Any CPU
		{D5E053A4-FC35-4337-9859-4B5418BB4A34}.Release|Any CPU.Build.0 = Release|Any CPU
	EndGlobalSection
	GlobalSection(SolutionProperties) = preSolution
		HideSolutionNode = FALSE
	EndGlobalSection
	GlobalSection(ExtensibilityGlobals) = postSolution
		SolutionGuid = {E0CAC7B1-7EE9-4743-9A27-21B3E7961A83}
	EndGlobalSection
EndGlobal
